{
    "_readme": [
        "This file locks the dependencies of your project to a known state",
        "Read more about it at https://getcomposer.org/doc/01-basic-usage.md#composer-lock-the-lock-file",
        "This file is @generated automatically"
    ],
    "hash": "157aa1f0781195632775030fcaa1d876",
    "content-hash": "ec3be4926e827637200c5a77c7cc47a5",
    "packages": [
        {
            "name": "psr/log",
            "version": "1.0.2",
            "source": {
                "type": "git",
                "url": "https://github.com/php-fig/log.git",
                "reference": "4ebe3a8bf773a19edfe0a84b6585ba3d401b724d"
            },
            "dist": {
                "type": "zip",
                "url": "https://api.github.com/repos/php-fig/log/zipball/4ebe3a8bf773a19edfe0a84b6585ba3d401b724d",
                "reference": "4ebe3a8bf773a19edfe0a84b6585ba3d401b724d",
                "shasum": ""
            },
            "require": {
                "php": ">=5.3.0"
            },
            "type": "library",
            "extra": {
                "branch-alias": {
                    "dev-master": "1.0.x-dev"
                }
            },
            "autoload": {
                "psr-4": {
                    "Psr\\Log\\": "Psr/Log/"
                }
            },
            "notification-url": "https://packagist.org/downloads/",
            "license": [
                "MIT"
            ],
            "authors": [
                {
                    "name": "PHP-FIG",
                    "homepage": "http://www.php-fig.org/"
                }
            ],
            "description": "Common interface for logging libraries",
            "homepage": "https://github.com/php-fig/log",
            "keywords": [
                "log",
                "psr",
                "psr-3"
            ],
            "time": "2016-10-10 12:19:37"
        },
        {
            "name": "symfony/debug",
            "version": "v2.8.13",
            "source": {
                "type": "git",
                "url": "https://github.com/symfony/debug.git",
                "reference": "8c29235936a47473af16fb91c7c4b7b193c5693c"
            },
            "dist": {
                "type": "zip",
                "url": "https://api.github.com/repos/symfony/debug/zipball/8c29235936a47473af16fb91c7c4b7b193c5693c",
                "reference": "8c29235936a47473af16fb91c7c4b7b193c5693c",
                "shasum": ""
            },
            "require": {
                "php": ">=5.3.9",
                "psr/log": "~1.0"
            },
            "conflict": {
                "symfony/http-kernel": ">=2.3,<2.3.24|~2.4.0|>=2.5,<2.5.9|>=2.6,<2.6.2"
            },
            "require-dev": {
                "symfony/class-loader": "~2.2|~3.0.0",
                "symfony/http-kernel": "~2.3.24|~2.5.9|~2.6,>=2.6.2|~3.0.0"
            },
            "type": "library",
            "extra": {
                "branch-alias": {
                    "dev-master": "2.8-dev"
                }
            },
            "autoload": {
                "psr-4": {
                    "Symfony\\Component\\Debug\\": ""
                },
                "exclude-from-classmap": [
                    "/Tests/"
                ]
            },
            "notification-url": "https://packagist.org/downloads/",
            "license": [
                "MIT"
            ],
            "authors": [
                {
                    "name": "Fabien Potencier",
                    "email": "fabien@symfony.com"
                },
                {
                    "name": "Symfony Community",
                    "homepage": "https://symfony.com/contributors"
                }
            ],
            "description": "Symfony Debug Component",
            "homepage": "https://symfony.com",
            "time": "2016-09-06 10:55:00"
        }
    ],
    "packages-dev": [
        {
            "name": "friendsofphp/php-cs-fixer",
            "version": "v1.12.3",
            "source": {
                "type": "git",
                "url": "https://github.com/FriendsOfPHP/PHP-CS-Fixer.git",
                "reference": "78a820c16d13f593303511461eefa939502fb2de"
            },
            "dist": {
                "type": "zip",
                "url": "https://api.github.com/repos/FriendsOfPHP/PHP-CS-Fixer/zipball/78a820c16d13f593303511461eefa939502fb2de",
                "reference": "78a820c16d13f593303511461eefa939502fb2de",
                "shasum": ""
            },
            "require": {
                "ext-tokenizer": "*",
                "php": "^5.3.6 || >=7.0 <7.2",
                "sebastian/diff": "^1.1",
                "symfony/console": "^2.3 || ^3.0",
                "symfony/event-dispatcher": "^2.1 || ^3.0",
                "symfony/filesystem": "^2.1 || ^3.0",
                "symfony/finder": "^2.1 || ^3.0",
                "symfony/process": "^2.3 || ^3.0",
                "symfony/stopwatch": "^2.5 || ^3.0"
            },
            "conflict": {
                "hhvm": "<3.9"
            },
            "require-dev": {
                "phpunit/phpunit": "^4.5|^5",
                "satooshi/php-coveralls": "^1.0"
            },
            "bin": [
                "php-cs-fixer"
            ],
            "type": "application",
            "autoload": {
                "psr-4": {
                    "Symfony\\CS\\": "Symfony/CS/"
                }
            },
            "notification-url": "https://packagist.org/downloads/",
            "license": [
                "MIT"
            ],
            "authors": [
                {
                    "name": "Dariusz Rumiński",
                    "email": "dariusz.ruminski@gmail.com"
                },
                {
                    "name": "Fabien Potencier",
                    "email": "fabien@symfony.com"
                }
            ],
            "description": "A tool to automatically fix PHP code style",
            "time": "2016-10-30 12:07:10"
        },
        {
            "name": "sebastian/diff",
            "version": "1.4.1",
            "source": {
                "type": "git",
                "url": "https://github.com/sebastianbergmann/diff.git",
                "reference": "13edfd8706462032c2f52b4b862974dd46b71c9e"
            },
            "dist": {
                "type": "zip",
                "url": "https://api.github.com/repos/sebastianbergmann/diff/zipball/13edfd8706462032c2f52b4b862974dd46b71c9e",
                "reference": "13edfd8706462032c2f52b4b862974dd46b71c9e",
                "shasum": ""
            },
            "require": {
                "php": ">=5.3.3"
            },
            "require-dev": {
                "phpunit/phpunit": "~4.8"
            },
            "type": "library",
            "extra": {
                "branch-alias": {
                    "dev-master": "1.4-dev"
                }
            },
            "autoload": {
                "classmap": [
                    "src/"
                ]
            },
            "notification-url": "https://packagist.org/downloads/",
            "license": [
                "BSD-3-Clause"
            ],
            "authors": [
                {
                    "name": "Kore Nordmann",
                    "email": "mail@kore-nordmann.de"
                },
                {
                    "name": "Sebastian Bergmann",
                    "email": "sebastian@phpunit.de"
                }
            ],
            "description": "Diff implementation",
            "homepage": "https://github.com/sebastianbergmann/diff",
            "keywords": [
                "diff"
            ],
            "time": "2015-12-08 07:14:41"
        },
        {
            "name": "sensiolabs/security-checker",
            "version": "v4.0.0",
            "source": {
                "type": "git",
                "url": "https://github.com/sensiolabs/security-checker.git",
                "reference": "116027b57b568ed61b7b1c80eeb4f6ee9e8c599c"
            },
            "dist": {
                "type": "zip",
                "url": "https://api.github.com/repos/sensiolabs/security-checker/zipball/116027b57b568ed61b7b1c80eeb4f6ee9e8c599c",
                "reference": "116027b57b568ed61b7b1c80eeb4f6ee9e8c599c",
                "shasum": ""
            },
            "require": {
                "symfony/console": "~2.7|~3.0"
            },
            "bin": [
                "security-checker"
            ],
            "type": "library",
            "extra": {
                "branch-alias": {
                    "dev-master": "4.0-dev"
                }
            },
            "autoload": {
                "psr-0": {
                    "SensioLabs\\Security": ""
                }
            },
            "notification-url": "https://packagist.org/downloads/",
            "license": [
                "MIT"
            ],
            "authors": [
                {
                    "name": "Fabien Potencier",
                    "email": "fabien.potencier@gmail.com"
                }
            ],
            "description": "A security checker for your composer.lock",
            "time": "2016-09-23 18:09:57"
        },
        {
            "name": "symfony/console",
            "version": "v2.8.13",
            "source": {
                "type": "git",
                "url": "https://github.com/symfony/console.git",
                "reference": "7350016c8abcab897046f1aead2b766b84d3eff8"
            },
            "dist": {
                "type": "zip",
                "url": "https://api.github.com/repos/symfony/console/zipball/7350016c8abcab897046f1aead2b766b84d3eff8",
                "reference": "7350016c8abcab897046f1aead2b766b84d3eff8",
                "shasum": ""
            },
            "require": {
                "php": ">=5.3.9",
                "symfony/debug": "~2.7,>=2.7.2|~3.0.0",
                "symfony/polyfill-mbstring": "~1.0"
            },
            "require-dev": {
                "psr/log": "~1.0",
                "symfony/event-dispatcher": "~2.1|~3.0.0",
                "symfony/process": "~2.1|~3.0.0"
            },
            "suggest": {
                "psr/log": "For using the console logger",
                "symfony/event-dispatcher": "",
                "symfony/process": ""
            },
            "type": "library",
            "extra": {
                "branch-alias": {
                    "dev-master": "2.8-dev"
                }
            },
            "autoload": {
                "psr-4": {
                    "Symfony\\Component\\Console\\": ""
                },
                "exclude-from-classmap": [
                    "/Tests/"
                ]
            },
            "notification-url": "https://packagist.org/downloads/",
            "license": [
                "MIT"
            ],
            "authors": [
                {
                    "name": "Fabien Potencier",
                    "email": "fabien@symfony.com"
                },
                {
                    "name": "Symfony Community",
                    "homepage": "https://symfony.com/contributors"
                }
            ],
            "description": "Symfony Console Component",
            "homepage": "https://symfony.com",
            "time": "2016-10-06 01:43:09"
        },
        {
            "name": "symfony/event-dispatcher",
            "version": "v2.8.13",
            "source": {
                "type": "git",
                "url": "https://github.com/symfony/event-dispatcher.git",
                "reference": "25c576abd4e0f212e678fe8b2bd9a9a98c7ea934"
            },
            "dist": {
                "type": "zip",
                "url": "https://api.github.com/repos/symfony/event-dispatcher/zipball/25c576abd4e0f212e678fe8b2bd9a9a98c7ea934",
                "reference": "25c576abd4e0f212e678fe8b2bd9a9a98c7ea934",
                "shasum": ""
            },
            "require": {
                "php": ">=5.3.9"
            },
            "require-dev": {
                "psr/log": "~1.0",
                "symfony/config": "~2.0,>=2.0.5|~3.0.0",
                "symfony/dependency-injection": "~2.6|~3.0.0",
                "symfony/expression-language": "~2.6|~3.0.0",
                "symfony/stopwatch": "~2.3|~3.0.0"
            },
            "suggest": {
                "symfony/dependency-injection": "",
                "symfony/http-kernel": ""
            },
            "type": "library",
            "extra": {
                "branch-alias": {
                    "dev-master": "2.8-dev"
                }
            },
            "autoload": {
                "psr-4": {
                    "Symfony\\Component\\EventDispatcher\\": ""
                },
                "exclude-from-classmap": [
                    "/Tests/"
                ]
            },
            "notification-url": "https://packagist.org/downloads/",
            "license": [
                "MIT"
            ],
            "authors": [
                {
                    "name": "Fabien Potencier",
                    "email": "fabien@symfony.com"
                },
                {
                    "name": "Symfony Community",
                    "homepage": "https://symfony.com/contributors"
                }
            ],
            "description": "Symfony EventDispatcher Component",
            "homepage": "https://symfony.com",
            "time": "2016-10-13 01:43:15"
        },
        {
            "name": "symfony/filesystem",
            "version": "v2.8.13",
            "source": {
                "type": "git",
                "url": "https://github.com/symfony/filesystem.git",
                "reference": "a3784111af9f95f102b6411548376e1ae7c93898"
            },
            "dist": {
                "type": "zip",
                "url": "https://api.github.com/repos/symfony/filesystem/zipball/a3784111af9f95f102b6411548376e1ae7c93898",
                "reference": "a3784111af9f95f102b6411548376e1ae7c93898",
                "shasum": ""
            },
            "require": {
                "php": ">=5.3.9"
            },
            "type": "library",
            "extra": {
                "branch-alias": {
                    "dev-master": "2.8-dev"
                }
            },
            "autoload": {
                "psr-4": {
                    "Symfony\\Component\\Filesystem\\": ""
                },
                "exclude-from-classmap": [
                    "/Tests/"
                ]
            },
            "notification-url": "https://packagist.org/downloads/",
            "license": [
                "MIT"
            ],
            "authors": [
                {
                    "name": "Fabien Potencier",
                    "email": "fabien@symfony.com"
                },
                {
                    "name": "Symfony Community",
                    "homepage": "https://symfony.com/contributors"
                }
            ],
            "description": "Symfony Filesystem Component",
            "homepage": "https://symfony.com",
            "time": "2016-10-18 04:28:30"
        },
        {
            "name": "symfony/finder",
            "version": "v2.8.13",
            "source": {
                "type": "git",
                "url": "https://github.com/symfony/finder.git",
                "reference": "bc24c8f5674c6f6841f2856b70e5d60784be5691"
            },
            "dist": {
                "type": "zip",
                "url": "https://api.github.com/repos/symfony/finder/zipball/bc24c8f5674c6f6841f2856b70e5d60784be5691",
                "reference": "bc24c8f5674c6f6841f2856b70e5d60784be5691",
                "shasum": ""
            },
            "require": {
                "php": ">=5.3.9"
            },
            "type": "library",
            "extra": {
                "branch-alias": {
                    "dev-master": "2.8-dev"
                }
            },
            "autoload": {
                "psr-4": {
                    "Symfony\\Component\\Finder\\": ""
                },
                "exclude-from-classmap": [
                    "/Tests/"
                ]
            },
            "notification-url": "https://packagist.org/downloads/",
            "license": [
                "MIT"
            ],
            "authors": [
                {
                    "name": "Fabien Potencier",
                    "email": "fabien@symfony.com"
                },
                {
                    "name": "Symfony Community",
                    "homepage": "https://symfony.com/contributors"
                }
            ],
            "description": "Symfony Finder Component",
            "homepage": "https://symfony.com",
            "time": "2016-09-28 00:10:16"
        },
        {
            "name": "symfony/polyfill-mbstring",
            "version": "v1.2.0",
            "source": {
                "type": "git",
                "url": "https://github.com/symfony/polyfill-mbstring.git",
                "reference": "dff51f72b0706335131b00a7f49606168c582594"
            },
            "dist": {
                "type": "zip",
                "url": "https://api.github.com/repos/symfony/polyfill-mbstring/zipball/dff51f72b0706335131b00a7f49606168c582594",
                "reference": "dff51f72b0706335131b00a7f49606168c582594",
                "shasum": ""
            },
            "require": {
                "php": ">=5.3.3"
            },
            "suggest": {
                "ext-mbstring": "For best performance"
            },
            "type": "library",
            "extra": {
                "branch-alias": {
                    "dev-master": "1.2-dev"
                }
            },
            "autoload": {
                "psr-4": {
                    "Symfony\\Polyfill\\Mbstring\\": ""
                },
                "files": [
                    "bootstrap.php"
                ]
            },
            "notification-url": "https://packagist.org/downloads/",
            "license": [
                "MIT"
            ],
            "authors": [
                {
                    "name": "Nicolas Grekas",
                    "email": "p@tchwork.com"
                },
                {
                    "name": "Symfony Community",
                    "homepage": "https://symfony.com/contributors"
                }
            ],
            "description": "Symfony polyfill for the Mbstring extension",
            "homepage": "https://symfony.com",
            "keywords": [
                "compatibility",
                "mbstring",
                "polyfill",
                "portable",
                "shim"
            ],
            "time": "2016-05-18 14:26:46"
        },
        {
            "name": "symfony/process",
            "version": "v2.8.13",
            "source": {
                "type": "git",
                "url": "https://github.com/symfony/process.git",
                "reference": "024de37f8a6b9e5e8244d9eb3fcf3e467dd2a93f"
            },
            "dist": {
                "type": "zip",
                "url": "https://api.github.com/repos/symfony/process/zipball/024de37f8a6b9e5e8244d9eb3fcf3e467dd2a93f",
                "reference": "024de37f8a6b9e5e8244d9eb3fcf3e467dd2a93f",
                "shasum": ""
            },
            "require": {
                "php": ">=5.3.9"
            },
            "type": "library",
            "extra": {
                "branch-alias": {
                    "dev-master": "2.8-dev"
                }
            },
            "autoload": {
                "psr-4": {
                    "Symfony\\Component\\Process\\": ""
                },
                "exclude-from-classmap": [
                    "/Tests/"
                ]
            },
            "notification-url": "https://packagist.org/downloads/",
            "license": [
                "MIT"
            ],
            "authors": [
                {
                    "name": "Fabien Potencier",
                    "email": "fabien@symfony.com"
                },
                {
                    "name": "Symfony Community",
                    "homepage": "https://symfony.com/contributors"
                }
            ],
            "description": "Symfony Process Component",
            "homepage": "https://symfony.com",
            "time": "2016-09-29 14:03:54"
        },
        {
            "name": "symfony/stopwatch",
            "version": "v2.8.13",
            "source": {
                "type": "git",
                "url": "https://github.com/symfony/stopwatch.git",
                "reference": "35bae476693150728b0eb51647faac82faf9aaca"
            },
            "dist": {
                "type": "zip",
                "url": "https://api.github.com/repos/symfony/stopwatch/zipball/35bae476693150728b0eb51647faac82faf9aaca",
                "reference": "35bae476693150728b0eb51647faac82faf9aaca",
                "shasum": ""
            },
            "require": {
                "php": ">=5.3.9"
            },
            "type": "library",
            "extra": {
                "branch-alias": {
                    "dev-master": "2.8-dev"
                }
            },
            "autoload": {
                "psr-4": {
                    "Symfony\\Component\\Stopwatch\\": ""
                },
                "exclude-from-classmap": [
                    "/Tests/"
                ]
            },
            "notification-url": "https://packagist.org/downloads/",
            "license": [
                "MIT"
            ],
            "authors": [
                {
                    "name": "Fabien Potencier",
                    "email": "fabien@symfony.com"
                },
                {
                    "name": "Symfony Community",
                    "homepage": "https://symfony.com/contributors"
                }
            ],
            "description": "Symfony Stopwatch Component",
            "homepage": "https://symfony.com",
            "time": "2016-06-29 05:29:29"
        },
        {
            "name": "symfony/var-dumper",
            "version": "v2.8.13",
            "source": {
                "type": "git",
                "url": "https://github.com/symfony/var-dumper.git",
                "reference": "7163ee02a726fdec849a37182f7ffc32389b76a8"
            },
            "dist": {
                "type": "zip",
                "url": "https://api.github.com/repos/symfony/var-dumper/zipball/7163ee02a726fdec849a37182f7ffc32389b76a8",
                "reference": "7163ee02a726fdec849a37182f7ffc32389b76a8",
                "shasum": ""
            },
            "require": {
                "php": ">=5.3.9",
                "symfony/polyfill-mbstring": "~1.0"
            },
            "require-dev": {
                "twig/twig": "~1.20|~2.0"
            },
            "suggest": {
                "ext-symfony_debug": ""
            },
            "type": "library",
            "extra": {
                "branch-alias": {
                    "dev-master": "2.8-dev"
                }
            },
            "autoload": {
                "files": [
                    "Resources/functions/dump.php"
                ],
                "psr-4": {
                    "Symfony\\Component\\VarDumper\\": ""
                },
                "exclude-from-classmap": [
                    "/Tests/"
                ]
            },
            "notification-url": "https://packagist.org/downloads/",
            "license": [
                "MIT"
            ],
            "authors": [
                {
                    "name": "Nicolas Grekas",
                    "email": "p@tchwork.com"
                },
                {
                    "name": "Symfony Community",
                    "homepage": "https://symfony.com/contributors"
                }
            ],
            "description": "Symfony mechanism for exploring and dumping PHP variables",
            "homepage": "https://symfony.com",
            "keywords": [
                "debug",
                "dump"
            ],
            "time": "2016-10-18 15:06:24"
        }
    ],
    "aliases": [],
    "minimum-stability": "stable",
    "stability-flags": [],
    "prefer-stable": false,
    "prefer-lowest": false,
    "platform": {
        "php": ">=5.4.0",
        "ext-redis": "*"
    },
    "platform-dev": [],
    "platform-overrides": {
        "php": "5.4"
    }
}
